
Microsoft Visual Studio Solution File, Format Version 12.00
# Visual Studio Version 17
VisualStudioVersion = 17.11.35219.272
MinimumVisualStudioVersion = 10.0.40219.1
Project("{FAE04EC0-301F-11D3-BF4B-00C04F79EFBC}") = "Jalgpall", "Jalgpall.csproj", "{D9970BDE-9617-48CB-BA22-900E6C126B3B}"
EndProject
Global
	GlobalSection(SolutionConfigurationPlatforms) = preSolution
		Debug|Any CPU = Debug|Any CPU
		Release|Any CPU = Release|Any CPU
	EndGlobalSection
	GlobalSection(ProjectConfigurationPlatforms) = postSolution
		{D9970BDE-9617-48CB-BA22-900E6C126B3B}.Debug|Any CPU.ActiveCfg = Debug|Any CPU
		{D9970BDE-9617-48CB-BA22-900E6C126B3B}.Debug|Any CPU.Build.0 = Debug|Any CPU
		{D9970BDE-9617-48CB-BA22-900E6C126B3B}.Release|Any CPU.ActiveCfg = Release|Any CPU
		{D9970BDE-9617-48CB-BA22-900E6C126B3B}.Release|Any CPU.Build.0 = Release|Any CPU
	EndGlobalSection
	GlobalSection(SolutionProperties) = preSolution
		HideSolutionNode = FALSE
	EndGlobalSection
	GlobalSection(ExtensibilityGlobals) = postSolution
		SolutionGuid = {74244A4E-3BCB-4DA7-B336-AE81FBD10945}
	EndGlobalSection
EndGlobal
